
Microsoft Visual Studio Solution File, Format Version 12.00
# Visual Studio Version 16
VisualStudioVersion = 16.0.30907.101
MinimumVisualStudioVersion = 10.0.40219.1
Project("{9A19103F-16F7-4668-BE54-9A1E7A4F7556}") = "Primeiro", "Primeiro\Primeiro.csproj", "{A23C8112-6949-400F-A983-1F12D82C7840}"
EndProject
Project("{FAE04EC0-301F-11D3-BF4B-00C04F79EFBC}") = "Exercícios", "Exercícios\Exercícios.csproj", "{60F76EA8-1870-481B-B1EA-26275AD9D5E8}"
EndProject
Global
	GlobalSection(SolutionConfigurationPlatforms) = preSolution
		Debug|Any CPU = Debug|Any CPU
		Release|Any CPU = Release|Any CPU
	EndGlobalSection
	GlobalSection(ProjectConfigurationPlatforms) = postSolution
		{A23C8112-6949-400F-A983-1F12D82C7840}.Debug|Any CPU.ActiveCfg = Debug|Any CPU
		{A23C8112-6949-400F-A983-1F12D82C7840}.Debug|Any CPU.Build.0 = Debug|Any CPU
		{A23C8112-6949-400F-A983-1F12D82C7840}.Release|Any CPU.ActiveCfg = Release|Any CPU
		{A23C8112-6949-400F-A983-1F12D82C7840}.Release|Any CPU.Build.0 = Release|Any CPU
		{60F76EA8-1870-481B-B1EA-26275AD9D5E8}.Debug|Any CPU.ActiveCfg = Debug|Any CPU
		{60F76EA8-1870-481B-B1EA-26275AD9D5E8}.Debug|Any CPU.Build.0 = Debug|Any CPU
		{60F76EA8-1870-481B-B1EA-26275AD9D5E8}.Release|Any CPU.ActiveCfg = Release|Any CPU
		{60F76EA8-1870-481B-B1EA-26275AD9D5E8}.Release|Any CPU.Build.0 = Release|Any CPU
	EndGlobalSection
	GlobalSection(SolutionProperties) = preSolution
		HideSolutionNode = FALSE
	EndGlobalSection
	GlobalSection(ExtensibilityGlobals) = postSolution
		SolutionGuid = {F99EA347-3F66-445F-B522-1FF7D38BDECE}
	EndGlobalSection
EndGlobal
